
Microsoft Visual Studio Solution File, Format Version 12.00
# Visual Studio Version 17
VisualStudioVersion = 17.0.31717.71
MinimumVisualStudioVersion = 10.0.40219.1
Project("{9A19103F-16F7-4668-BE54-9A1E7A4F7556}") = "SampleStore", "SampleStore\SampleStore.csproj", "{1A52AB41-29D6-424B-B844-826C5E6F4CD5}"
EndProject
Project("{2150E333-8FDC-42A3-9474-1A3956D46DE8}") = "02.Domain", "02.Domain", "{F867F983-6E01-4AC0-8E57-1B07C974AE9A}"
EndProject
Project("{9A19103F-16F7-4668-BE54-9A1E7A4F7556}") = "Domain", "Domain\Domain.csproj", "{7B0AD420-14C6-4951-83C4-A8B7634A3EA9}"
EndProject
Project("{9A19103F-16F7-4668-BE54-9A1E7A4F7556}") = "DomainTest", "DomainTest\DomainTest.csproj", "{D1C90FA8-4F11-4D3A-90C5-484C7933A6F7}"
EndProject
Project("{2150E333-8FDC-42A3-9474-1A3956D46DE8}") = "01.InfraStructure", "01.InfraStructure", "{5F147DE1-F26C-4A03-A57E-FA94C9A199D2}"
EndProject
Project("{2150E333-8FDC-42A3-9474-1A3956D46DE8}") = "A.Perstence", "A.Perstence", "{BF02BAE1-6133-449A-9918-894B12572A06}"
EndProject
Project("{9A19103F-16F7-4668-BE54-9A1E7A4F7556}") = "Persistence", "Persistence\Persistence.csproj", "{47F77035-1F76-4322-B7B6-67C9D01C7E0D}"
EndProject
Project("{9A19103F-16F7-4668-BE54-9A1E7A4F7556}") = "PersistenceTest", "PersistenceTest\PersistenceTest.csproj", "{87F6FB1B-DC2E-4EFB-B206-B94F9C7C8341}"
EndProject
Project("{2150E333-8FDC-42A3-9474-1A3956D46DE8}") = "03.Application", "03.Application", "{1BCE735B-6160-49AE-8969-1F3A99ABEE2F}"
EndProject
Project("{9A19103F-16F7-4668-BE54-9A1E7A4F7556}") = "Application", "Application\Application.csproj", "{5FB94FD0-3B93-4FE2-BEFF-917F1EA187FC}"
EndProject
Project("{9A19103F-16F7-4668-BE54-9A1E7A4F7556}") = "ApplicationTest", "ApplicationTest\ApplicationTest.csproj", "{20ED193D-F682-4302-9CBC-0F436807C3CB}"
EndProject
Project("{2150E333-8FDC-42A3-9474-1A3956D46DE8}") = "04.Api", "04.Api", "{EA4BCFAA-F2D5-42E3-AE3C-A256FA2248F5}"
EndProject
Project("{2150E333-8FDC-42A3-9474-1A3956D46DE8}") = "05.Sdk", "05.Sdk", "{3556B838-CA2F-4943-9BA9-6610D35DD982}"
EndProject
Project("{9A19103F-16F7-4668-BE54-9A1E7A4F7556}") = "SecondaryUi", "SecondaryUi\SecondaryUi.csproj", "{68E96D33-874C-4118-9403-B7A7EC2135DA}"
EndProject
Project("{9A19103F-16F7-4668-BE54-9A1E7A4F7556}") = "IntegrationTests", "IntegrationTests\IntegrationTests.csproj", "{6D77CC07-933E-4DC7-A0C8-341643E2ACD4}"
EndProject
Project("{2150E333-8FDC-42A3-9474-1A3956D46DE8}") = "z.Utilities", "z.Utilities", "{7B9C3030-C5D6-4B4E-B223-2357B03A08C6}"
EndProject
Project("{9A19103F-16F7-4668-BE54-9A1E7A4F7556}") = "Utilities", "Utilities\Utilities.csproj", "{9CB46D0E-1EE4-4B77-B545-C8B8CCF22D60}"
EndProject
Project("{2150E333-8FDC-42A3-9474-1A3956D46DE8}") = "00.Common", "00.Common", "{76FC0029-942D-467E-BB62-3F2A35167B20}"
EndProject
Project("{2150E333-8FDC-42A3-9474-1A3956D46DE8}") = "CommonTypes", "CommonTypes", "{D820E832-4E08-4844-A753-5A55BDB08D4E}"
EndProject
Project("{FAE04EC0-301F-11D3-BF4B-00C04F79EFBC}") = "CommonTypes", "CommonTypes\CommonTypes.csproj", "{D17EBA9D-4CA2-4046-AB45-1DBEC106F89F}"
EndProject
Global
	GlobalSection(SolutionConfigurationPlatforms) = preSolution
		Debug|Any CPU = Debug|Any CPU
		Release|Any CPU = Release|Any CPU
	EndGlobalSection
	GlobalSection(ProjectConfigurationPlatforms) = postSolution
		{1A52AB41-29D6-424B-B844-826C5E6F4CD5}.Debug|Any CPU.ActiveCfg = Debug|Any CPU
		{1A52AB41-29D6-424B-B844-826C5E6F4CD5}.Debug|Any CPU.Build.0 = Debug|Any CPU
		{1A52AB41-29D6-424B-B844-826C5E6F4CD5}.Release|Any CPU.ActiveCfg = Release|Any CPU
		{1A52AB41-29D6-424B-B844-826C5E6F4CD5}.Release|Any CPU.Build.0 = Release|Any CPU
		{7B0AD420-14C6-4951-83C4-A8B7634A3EA9}.Debug|Any CPU.ActiveCfg = Debug|Any CPU
		{7B0AD420-14C6-4951-83C4-A8B7634A3EA9}.Debug|Any CPU.Build.0 = Debug|Any CPU
		{7B0AD420-14C6-4951-83C4-A8B7634A3EA9}.Release|Any CPU.ActiveCfg = Release|Any CPU
		{7B0AD420-14C6-4951-83C4-A8B7634A3EA9}.Release|Any CPU.Build.0 = Release|Any CPU
		{D1C90FA8-4F11-4D3A-90C5-484C7933A6F7}.Debug|Any CPU.ActiveCfg = Debug|Any CPU
		{D1C90FA8-4F11-4D3A-90C5-484C7933A6F7}.Debug|Any CPU.Build.0 = Debug|Any CPU
		{D1C90FA8-4F11-4D3A-90C5-484C7933A6F7}.Release|Any CPU.ActiveCfg = Release|Any CPU
		{D1C90FA8-4F11-4D3A-90C5-484C7933A6F7}.Release|Any CPU.Build.0 = Release|Any CPU
		{47F77035-1F76-4322-B7B6-67C9D01C7E0D}.Debug|Any CPU.ActiveCfg = Debug|Any CPU
		{47F77035-1F76-4322-B7B6-67C9D01C7E0D}.Debug|Any CPU.Build.0 = Debug|Any CPU
		{47F77035-1F76-4322-B7B6-67C9D01C7E0D}.Release|Any CPU.ActiveCfg = Release|Any CPU
		{47F77035-1F76-4322-B7B6-67C9D01C7E0D}.Release|Any CPU.Build.0 = Release|Any CPU
		{87F6FB1B-DC2E-4EFB-B206-B94F9C7C8341}.Debug|Any CPU.ActiveCfg = Debug|Any CPU
		{87F6FB1B-DC2E-4EFB-B206-B94F9C7C8341}.Debug|Any CPU.Build.0 = Debug|Any CPU
		{87F6FB1B-DC2E-4EFB-B206-B94F9C7C8341}.Release|Any CPU.ActiveCfg = Release|Any CPU
		{87F6FB1B-DC2E-4EFB-B206-B94F9C7C8341}.Release|Any CPU.Build.0 = Release|Any CPU
		{5FB94FD0-3B93-4FE2-BEFF-917F1EA187FC}.Debug|Any CPU.ActiveCfg = Debug|Any CPU
		{5FB94FD0-3B93-4FE2-BEFF-917F1EA187FC}.Debug|Any CPU.Build.0 = Debug|Any CPU
		{5FB94FD0-3B93-4FE2-BEFF-917F1EA187FC}.Release|Any CPU.ActiveCfg = Release|Any CPU
		{5FB94FD0-3B93-4FE2-BEFF-917F1EA187FC}.Release|Any CPU.Build.0 = Release|Any CPU
		{20ED193D-F682-4302-9CBC-0F436807C3CB}.Debug|Any CPU.ActiveCfg = Debug|Any CPU
		{20ED193D-F682-4302-9CBC-0F436807C3CB}.Debug|Any CPU.Build.0 = Debug|Any CPU
		{20ED193D-F682-4302-9CBC-0F436807C3CB}.Release|Any CPU.ActiveCfg = Release|Any CPU
		{20ED193D-F682-4302-9CBC-0F436807C3CB}.Release|Any CPU.Build.0 = Release|Any CPU
		{68E96D33-874C-4118-9403-B7A7EC2135DA}.Debug|Any CPU.ActiveCfg = Debug|Any CPU
		{68E96D33-874C-4118-9403-B7A7EC2135DA}.Debug|Any CPU.Build.0 = Debug|Any CPU
		{68E96D33-874C-4118-9403-B7A7EC2135DA}.Release|Any CPU.ActiveCfg = Release|Any CPU
		{68E96D33-874C-4118-9403-B7A7EC2135DA}.Release|Any CPU.Build.0 = Release|Any CPU
		{6D77CC07-933E-4DC7-A0C8-341643E2ACD4}.Debug|Any CPU.ActiveCfg = Debug|Any CPU
		{6D77CC07-933E-4DC7-A0C8-341643E2ACD4}.Debug|Any CPU.Build.0 = Debug|Any CPU
		{6D77CC07-933E-4DC7-A0C8-341643E2ACD4}.Release|Any CPU.ActiveCfg = Release|Any CPU
		{6D77CC07-933E-4DC7-A0C8-341643E2ACD4}.Release|Any CPU.Build.0 = Release|Any CPU
		{9CB46D0E-1EE4-4B77-B545-C8B8CCF22D60}.Debug|Any CPU.ActiveCfg = Debug|Any CPU
		{9CB46D0E-1EE4-4B77-B545-C8B8CCF22D60}.Debug|Any CPU.Build.0 = Debug|Any CPU
		{9CB46D0E-1EE4-4B77-B545-C8B8CCF22D60}.Release|Any CPU.ActiveCfg = Release|Any CPU
		{9CB46D0E-1EE4-4B77-B545-C8B8CCF22D60}.Release|Any CPU.Build.0 = Release|Any CPU
		{D17EBA9D-4CA2-4046-AB45-1DBEC106F89F}.Debug|Any CPU.ActiveCfg = Debug|Any CPU
		{D17EBA9D-4CA2-4046-AB45-1DBEC106F89F}.Debug|Any CPU.Build.0 = Debug|Any CPU
		{D17EBA9D-4CA2-4046-AB45-1DBEC106F89F}.Release|Any CPU.ActiveCfg = Release|Any CPU
		{D17EBA9D-4CA2-4046-AB45-1DBEC106F89F}.Release|Any CPU.Build.0 = Release|Any CPU
	EndGlobalSection
	GlobalSection(SolutionProperties) = preSolution
		HideSolutionNode = FALSE
	EndGlobalSection
	GlobalSection(NestedProjects) = preSolution
		{1A52AB41-29D6-424B-B844-826C5E6F4CD5} = {EA4BCFAA-F2D5-42E3-AE3C-A256FA2248F5}
		{7B0AD420-14C6-4951-83C4-A8B7634A3EA9} = {F867F983-6E01-4AC0-8E57-1B07C974AE9A}
		{D1C90FA8-4F11-4D3A-90C5-484C7933A6F7} = {F867F983-6E01-4AC0-8E57-1B07C974AE9A}
		{BF02BAE1-6133-449A-9918-894B12572A06} = {5F147DE1-F26C-4A03-A57E-FA94C9A199D2}
		{47F77035-1F76-4322-B7B6-67C9D01C7E0D} = {BF02BAE1-6133-449A-9918-894B12572A06}
		{87F6FB1B-DC2E-4EFB-B206-B94F9C7C8341} = {5F147DE1-F26C-4A03-A57E-FA94C9A199D2}
		{5FB94FD0-3B93-4FE2-BEFF-917F1EA187FC} = {1BCE735B-6160-49AE-8969-1F3A99ABEE2F}
		{20ED193D-F682-4302-9CBC-0F436807C3CB} = {1BCE735B-6160-49AE-8969-1F3A99ABEE2F}
		{68E96D33-874C-4118-9403-B7A7EC2135DA} = {3556B838-CA2F-4943-9BA9-6610D35DD982}
		{6D77CC07-933E-4DC7-A0C8-341643E2ACD4} = {3556B838-CA2F-4943-9BA9-6610D35DD982}
		{7B9C3030-C5D6-4B4E-B223-2357B03A08C6} = {5F147DE1-F26C-4A03-A57E-FA94C9A199D2}
		{9CB46D0E-1EE4-4B77-B545-C8B8CCF22D60} = {7B9C3030-C5D6-4B4E-B223-2357B03A08C6}
		{D820E832-4E08-4844-A753-5A55BDB08D4E} = {76FC0029-942D-467E-BB62-3F2A35167B20}
		{D17EBA9D-4CA2-4046-AB45-1DBEC106F89F} = {D820E832-4E08-4844-A753-5A55BDB08D4E}
	EndGlobalSection
	GlobalSection(ExtensibilityGlobals) = postSolution
		SolutionGuid = {E6F59F3C-89AF-4537-B197-74644244A5C6}
	EndGlobalSection
EndGlobal
